
Microsoft Visual Studio Solution File, Format Version 12.00
# Visual Studio Version 16
VisualStudioVersion = 16.0.30503.244
MinimumVisualStudioVersion = 10.0.40219.1
Project("{888888A0-9F3D-457C-B088-3A5042F75D52}") = "PropertyScraperPython", "PropertyScraperPython\PropertyScraperPython.pyproj", "{02058A83-E878-44ED-B6B3-E500F614ADB9}"
EndProject
Project("{888888A0-9F3D-457C-B088-3A5042F75D52}") = "GUIPropertyScraperPython", "GUIPropertyScraperPython\GUIPropertyScraperPython.pyproj", "{671DE504-2053-440A-AF8E-8CCD2E2DA220}"
EndProject
Project("{FAE04EC0-301F-11D3-BF4B-00C04F79EFBC}") = "GUIPropertyScraperCSharp", "GUIPropertyScraperCSharp\GUIPropertyScraperCSharp.csproj", "{4F060A32-B51D-4CC2-8F92-AE4B3651CCEC}"
EndProject
Global
	GlobalSection(SolutionConfigurationPlatforms) = preSolution
		Debug|Any CPU = Debug|Any CPU
		Release|Any CPU = Release|Any CPU
	EndGlobalSection
	GlobalSection(ProjectConfigurationPlatforms) = postSolution
		{02058A83-E878-44ED-B6B3-E500F614ADB9}.Debug|Any CPU.ActiveCfg = Debug|Any CPU
		{02058A83-E878-44ED-B6B3-E500F614ADB9}.Release|Any CPU.ActiveCfg = Release|Any CPU
		{671DE504-2053-440A-AF8E-8CCD2E2DA220}.Debug|Any CPU.ActiveCfg = Debug|Any CPU
		{671DE504-2053-440A-AF8E-8CCD2E2DA220}.Release|Any CPU.ActiveCfg = Release|Any CPU
		{4F060A32-B51D-4CC2-8F92-AE4B3651CCEC}.Debug|Any CPU.ActiveCfg = Debug|Any CPU
		{4F060A32-B51D-4CC2-8F92-AE4B3651CCEC}.Debug|Any CPU.Build.0 = Debug|Any CPU
		{4F060A32-B51D-4CC2-8F92-AE4B3651CCEC}.Release|Any CPU.ActiveCfg = Release|Any CPU
		{4F060A32-B51D-4CC2-8F92-AE4B3651CCEC}.Release|Any CPU.Build.0 = Release|Any CPU
	EndGlobalSection
	GlobalSection(SolutionProperties) = preSolution
		HideSolutionNode = FALSE
	EndGlobalSection
	GlobalSection(ExtensibilityGlobals) = postSolution
		SolutionGuid = {00C3C15E-A0A8-4807-BA1D-21BD77CD8CA2}
	EndGlobalSection
EndGlobal
